
Microsoft Visual Studio Solution File, Format Version 12.00
Project("{FAE04EC0-301F-11D3-BF4B-00C04F79EFBC}") = "RummyGameServer", "RummyGameServer\RummyGameServer.csproj", "{80D35DEE-D0AB-4791-B183-29EBE729CE33}"
EndProject
Project("{FAE04EC0-301F-11D3-BF4B-00C04F79EFBC}") = "CommonData", "CommonData\CommonData.csproj", "{7E604CE6-E6F6-4FF0-A52B-4F0083DBA429}"
EndProject
Global
	GlobalSection(SolutionConfigurationPlatforms) = preSolution
		Debug|Any CPU = Debug|Any CPU
		Release|Any CPU = Release|Any CPU
	EndGlobalSection
	GlobalSection(ProjectConfigurationPlatforms) = postSolution
		{80D35DEE-D0AB-4791-B183-29EBE729CE33}.Debug|Any CPU.ActiveCfg = Debug|Any CPU
		{80D35DEE-D0AB-4791-B183-29EBE729CE33}.Debug|Any CPU.Build.0 = Debug|Any CPU
		{80D35DEE-D0AB-4791-B183-29EBE729CE33}.Release|Any CPU.ActiveCfg = Release|Any CPU
		{80D35DEE-D0AB-4791-B183-29EBE729CE33}.Release|Any CPU.Build.0 = Release|Any CPU
		{7E604CE6-E6F6-4FF0-A52B-4F0083DBA429}.Debug|Any CPU.ActiveCfg = Debug|Any CPU
		{7E604CE6-E6F6-4FF0-A52B-4F0083DBA429}.Debug|Any CPU.Build.0 = Debug|Any CPU
		{7E604CE6-E6F6-4FF0-A52B-4F0083DBA429}.Release|Any CPU.ActiveCfg = Release|Any CPU
		{7E604CE6-E6F6-4FF0-A52B-4F0083DBA429}.Release|Any CPU.Build.0 = Release|Any CPU
	EndGlobalSection
EndGlobal
